
Microsoft Visual Studio Solution File, Format Version 12.00
# Visual Studio Version 17
VisualStudioVersion = 17.8.34511.84
MinimumVisualStudioVersion = 10.0.40219.1
Project("{FAE04EC0-301F-11D3-BF4B-00C04F79EFBC}") = "PrimeiroProjeto", "PrimeiroProjeto\PrimeiroProjeto.csproj", "{7231A0E9-772A-4DC3-A492-7D38F9481D07}"
EndProject
Global
	GlobalSection(SolutionConfigurationPlatforms) = preSolution
		Debug|Any CPU = Debug|Any CPU
		Release|Any CPU = Release|Any CPU
	EndGlobalSection
	GlobalSection(ProjectConfigurationPlatforms) = postSolution
		{7231A0E9-772A-4DC3-A492-7D38F9481D07}.Debug|Any CPU.ActiveCfg = Debug|Any CPU
		{7231A0E9-772A-4DC3-A492-7D38F9481D07}.Debug|Any CPU.Build.0 = Debug|Any CPU
		{7231A0E9-772A-4DC3-A492-7D38F9481D07}.Release|Any CPU.ActiveCfg = Release|Any CPU
		{7231A0E9-772A-4DC3-A492-7D38F9481D07}.Release|Any CPU.Build.0 = Release|Any CPU
	EndGlobalSection
	GlobalSection(SolutionProperties) = preSolution
		HideSolutionNode = FALSE
	EndGlobalSection
	GlobalSection(ExtensibilityGlobals) = postSolution
		SolutionGuid = {6D8C27B0-0BAC-4E87-91B9-7D8BC304204F}
	EndGlobalSection
EndGlobal
