
Microsoft Visual Studio Solution File, Format Version 12.00
# Visual Studio Version 17
VisualStudioVersion = 17.8.34511.84
MinimumVisualStudioVersion = 10.0.40219.1
Project("{FAE04EC0-301F-11D3-BF4B-00C04F79EFBC}") = "ScreenSound-04", "ScreenSound-04\ScreenSound-04.csproj", "{ABF49C17-3A43-4A54-9FCE-08636A657727}"
EndProject
Global
	GlobalSection(SolutionConfigurationPlatforms) = preSolution
		Debug|Any CPU = Debug|Any CPU
		Release|Any CPU = Release|Any CPU
	EndGlobalSection
	GlobalSection(ProjectConfigurationPlatforms) = postSolution
		{ABF49C17-3A43-4A54-9FCE-08636A657727}.Debug|Any CPU.ActiveCfg = Debug|Any CPU
		{ABF49C17-3A43-4A54-9FCE-08636A657727}.Debug|Any CPU.Build.0 = Debug|Any CPU
		{ABF49C17-3A43-4A54-9FCE-08636A657727}.Release|Any CPU.ActiveCfg = Release|Any CPU
		{ABF49C17-3A43-4A54-9FCE-08636A657727}.Release|Any CPU.Build.0 = Release|Any CPU
	EndGlobalSection
	GlobalSection(SolutionProperties) = preSolution
		HideSolutionNode = FALSE
	EndGlobalSection
	GlobalSection(ExtensibilityGlobals) = postSolution
		SolutionGuid = {DFEC56D9-F976-43F1-B71F-405944121D0A}
	EndGlobalSection
EndGlobal
